{
  "requires": true,
  "lockfileVersion": 1,
  "dependencies": {
    "@angular/common": {
      "version": "4.1.3",
      "resolved": "https://registry.npmjs.org/@angular/common/-/common-4.1.3.tgz",
      "integrity": "sha1-58R5HjITHPdMI5QowqZ9qrLu8Bc="
    },
    "@angular/compiler": {
      "version": "4.1.3",
      "resolved": "https://registry.npmjs.org/@angular/compiler/-/compiler-4.1.3.tgz",
      "integrity": "sha1-0t0whTsM9KVHWLSjFGMsIx+clMM="
    },
    "@angular/core": {
      "version": "4.1.3",
      "resolved": "https://registry.npmjs.org/@angular/core/-/core-4.1.3.tgz",
      "integrity": "sha1-KFSY64arfQtvmC+Pn0h+9hABOzU="
    },
    "@angular/platform-browser": {
      "version": "4.1.3",
      "resolved": "https://registry.npmjs.org/@angular/platform-browser/-/platform-browser-4.1.3.tgz",
      "integrity": "sha1-T6HbURndF4sxXdrlsym+4akypb0="
    },
    "@angular/platform-browser-dynamic": {
      "version": "4.1.3",
      "resolved": "https://registry.npmjs.org/@angular/platform-browser-dynamic/-/platform-browser-dynamic-4.1.3.tgz",
      "integrity": "sha1-PBP9z1kdSH9u/cHUaRPygMbYwuw="
    },
    "@angular/upgrade": {
      "version": "4.1.3",
      "resolved": "https://registry.npmjs.org/@angular/upgrade/-/upgrade-4.1.3.tgz",
      "integrity": "sha1-j2g3MPATM1gmPpI3OcdA43fAhrc="
    },
    "angular2-google-chart": {
      "version": "2.3.0",
      "resolved": "https://registry.npmjs.org/angular2-google-chart/-/angular2-google-chart-2.3.0.tgz",
      "integrity": "sha1-fh7LVkFouCRmWjs4AjwrFBb0j+Q=",
      "requires": {
        "@angular/common": "4.1.3",
        "@angular/compiler": "4.1.3",
        "@angular/core": "4.1.3",
        "@angular/platform-browser": "4.1.3 ",
        "@angular/platform-browser-dynamic": "4.1.3",
        "@angular/upgrade": "4.1.3",
        "core-js": "^2.4.1",
        "reflect-metadata": "^0.1.3",
        "rxjs": "^5.0.1",
        "systemjs": "0.19.27",
        "typescript": "2.2.2",
        "zone.js": "0.8.4"
      },
      "dependencies": {
        "rxjs": {
          "version": "5.5.12",
          "resolved": "https://registry.npmjs.org/rxjs/-/rxjs-5.5.12.tgz",
          "integrity": "sha512-xx2itnL5sBbqeeiVgNPVuQQ1nC8Jp2WfNJhXWHmElW9YmrpS9UVnNzhP3EH3HFqexO5Tlp8GhYY+WEcqcVMvGw==",
          "requires": {
            "symbol-observable": "1.0.1"
          }
        },
        "symbol-observable": {
          "version": "1.0.1",
          "resolved": "https://registry.npmjs.org/symbol-observable/-/symbol-observable-1.0.1.tgz",
          "integrity": "sha1-g0D8RwLDEi310iKI+IKD9RPT/dQ="
        },
        "typescript": {
          "version": "2.2.2",
          "resolved": "https://registry.npmjs.org/typescript/-/typescript-2.2.2.tgz",
          "integrity": "sha1-YGAiUIR5tV/6NotY/uljoD39eww="
        }
      }
    },
    "core-js": {
      "version": "2.6.5",
      "resolved": "https://registry.npmjs.org/core-js/-/core-js-2.6.5.tgz",
      "integrity": "sha512-klh/kDpwX8hryYL14M9w/xei6vrv6sE8gTHDG7/T/+SEovB/G4ejwcfE/CBzO6Edsu+OETZMZ3wcX/EjUkrl5A=="
    },
    "reflect-metadata": {
      "version": "0.1.13",
      "resolved": "https://registry.npmjs.org/reflect-metadata/-/reflect-metadata-0.1.13.tgz",
      "integrity": "sha512-Ts1Y/anZELhSsjMcU605fU9RE4Oi3p5ORujwbIKXfWa+0Zxs510Qrmrce5/Jowq3cHSZSJqBjypxmHarc+vEWg=="
    },
    "systemjs": {
      "version": "0.19.27",
      "resolved": "https://registry.npmjs.org/systemjs/-/systemjs-0.19.27.tgz",
      "integrity": "sha1-8XQNVlzmQ3GsDecHKk0eVHG6e6I=",
      "requires": {
        "when": "^3.7.5"
      }
    },
    "when": {
      "version": "3.7.8",
      "resolved": "https://registry.npmjs.org/when/-/when-3.7.8.tgz",
      "integrity": "sha1-xxMLan6gRpPoQs3J56Hyqjmjn4I="
    },
    "zone.js": {
      "version": "0.8.4",
      "resolved": "https://registry.npmjs.org/zone.js/-/zone.js-0.8.4.tgz",
      "integrity": "sha1-zECuWhyHlgHF67oglrXIDwxMNgI="
    }
  }
}
